
Microsoft Visual Studio Solution File, Format Version 12.00
# Visual Studio 15
VisualStudioVersion = 15.0.28307.2092
MinimumVisualStudioVersion = 10.0.40219.1
Project("{FAE04EC0-301F-11D3-BF4B-00C04F79EFBC}") = "Walji_ShoppingApp", "Walji_ShoppingApp\Walji_ShoppingApp.csproj", "{F82D35F2-D541-40E4-8A1F-465EA3723FAA}"
EndProject
Global
	GlobalSection(SolutionConfigurationPlatforms) = preSolution
		Debug|Any CPU = Debug|Any CPU
		Release|Any CPU = Release|Any CPU
	EndGlobalSection
	GlobalSection(ProjectConfigurationPlatforms) = postSolution
		{F82D35F2-D541-40E4-8A1F-465EA3723FAA}.Debug|Any CPU.ActiveCfg = Debug|Any CPU
		{F82D35F2-D541-40E4-8A1F-465EA3723FAA}.Debug|Any CPU.Build.0 = Debug|Any CPU
		{F82D35F2-D541-40E4-8A1F-465EA3723FAA}.Release|Any CPU.ActiveCfg = Release|Any CPU
		{F82D35F2-D541-40E4-8A1F-465EA3723FAA}.Release|Any CPU.Build.0 = Release|Any CPU
	EndGlobalSection
	GlobalSection(SolutionProperties) = preSolution
		HideSolutionNode = FALSE
	EndGlobalSection
	GlobalSection(ExtensibilityGlobals) = postSolution
		SolutionGuid = {F964D4DC-97D7-419D-BD9A-471BA26F5BD1}
	EndGlobalSection
EndGlobal
